
Microsoft Visual Studio Solution File, Format Version 12.00
# Visual Studio Version 16
VisualStudioVersion = 16.0.30204.135
MinimumVisualStudioVersion = 10.0.40219.1
Project("{FAE04EC0-301F-11D3-BF4B-00C04F79EFBC}") = "Exercicio06_lista1", "Exercicio06_lista1.csproj", "{804D8019-69E9-4A93-BF48-28CFEAB09354}"
EndProject
Global
	GlobalSection(SolutionConfigurationPlatforms) = preSolution
		Debug|Any CPU = Debug|Any CPU
		Release|Any CPU = Release|Any CPU
	EndGlobalSection
	GlobalSection(ProjectConfigurationPlatforms) = postSolution
		{804D8019-69E9-4A93-BF48-28CFEAB09354}.Debug|Any CPU.ActiveCfg = Debug|Any CPU
		{804D8019-69E9-4A93-BF48-28CFEAB09354}.Debug|Any CPU.Build.0 = Debug|Any CPU
		{804D8019-69E9-4A93-BF48-28CFEAB09354}.Release|Any CPU.ActiveCfg = Release|Any CPU
		{804D8019-69E9-4A93-BF48-28CFEAB09354}.Release|Any CPU.Build.0 = Release|Any CPU
	EndGlobalSection
	GlobalSection(SolutionProperties) = preSolution
		HideSolutionNode = FALSE
	EndGlobalSection
	GlobalSection(ExtensibilityGlobals) = postSolution
		SolutionGuid = {68F48E29-B621-4C97-AB6E-1BB1F19E9D41}
	EndGlobalSection
EndGlobal
