
Microsoft Visual Studio Solution File, Format Version 12.00
# Visual Studio Version 16
VisualStudioVersion = 16.0.30225.117
MinimumVisualStudioVersion = 10.0.40219.1
Project("{FAE04EC0-301F-11D3-BF4B-00C04F79EFBC}") = "Exercicio01", "Exercicio01\Exercicio01.csproj", "{00C508DC-6490-4C7A-BDD4-9C207BC12C4B}"
EndProject
Global
	GlobalSection(SolutionConfigurationPlatforms) = preSolution
		Debug|Any CPU = Debug|Any CPU
		Release|Any CPU = Release|Any CPU
	EndGlobalSection
	GlobalSection(ProjectConfigurationPlatforms) = postSolution
		{00C508DC-6490-4C7A-BDD4-9C207BC12C4B}.Debug|Any CPU.ActiveCfg = Debug|Any CPU
		{00C508DC-6490-4C7A-BDD4-9C207BC12C4B}.Debug|Any CPU.Build.0 = Debug|Any CPU
		{00C508DC-6490-4C7A-BDD4-9C207BC12C4B}.Release|Any CPU.ActiveCfg = Release|Any CPU
		{00C508DC-6490-4C7A-BDD4-9C207BC12C4B}.Release|Any CPU.Build.0 = Release|Any CPU
	EndGlobalSection
	GlobalSection(SolutionProperties) = preSolution
		HideSolutionNode = FALSE
	EndGlobalSection
	GlobalSection(ExtensibilityGlobals) = postSolution
		SolutionGuid = {ADC87F96-12B4-485C-9E93-C9F1B49C7EE0}
	EndGlobalSection
EndGlobal
