
Microsoft Visual Studio Solution File, Format Version 12.00
# Visual Studio Version 16
VisualStudioVersion = 16.0.30320.27
MinimumVisualStudioVersion = 10.0.40219.1
Project("{FAE04EC0-301F-11D3-BF4B-00C04F79EFBC}") = "Exercicio01", "Exercicio01\Exercicio01.csproj", "{45C9C1C7-9ED8-4FFE-B9F3-026A5E8C9B66}"
EndProject
Project("{FAE04EC0-301F-11D3-BF4B-00C04F79EFBC}") = "Exercicio02", "Exercicio02\Exercicio02.csproj", "{8C6082FF-F411-4101-85C3-CDA16FB2F978}"
EndProject
Project("{FAE04EC0-301F-11D3-BF4B-00C04F79EFBC}") = "Exercicio03", "Exercicio03\Exercicio03.csproj", "{678C2B2E-B247-40C2-96B2-F2C9972B68F8}"
EndProject
Global
	GlobalSection(SolutionConfigurationPlatforms) = preSolution
		Debug|Any CPU = Debug|Any CPU
		Release|Any CPU = Release|Any CPU
	EndGlobalSection
	GlobalSection(ProjectConfigurationPlatforms) = postSolution
		{45C9C1C7-9ED8-4FFE-B9F3-026A5E8C9B66}.Debug|Any CPU.ActiveCfg = Debug|Any CPU
		{45C9C1C7-9ED8-4FFE-B9F3-026A5E8C9B66}.Debug|Any CPU.Build.0 = Debug|Any CPU
		{45C9C1C7-9ED8-4FFE-B9F3-026A5E8C9B66}.Release|Any CPU.ActiveCfg = Release|Any CPU
		{45C9C1C7-9ED8-4FFE-B9F3-026A5E8C9B66}.Release|Any CPU.Build.0 = Release|Any CPU
		{8C6082FF-F411-4101-85C3-CDA16FB2F978}.Debug|Any CPU.ActiveCfg = Debug|Any CPU
		{8C6082FF-F411-4101-85C3-CDA16FB2F978}.Debug|Any CPU.Build.0 = Debug|Any CPU
		{8C6082FF-F411-4101-85C3-CDA16FB2F978}.Release|Any CPU.ActiveCfg = Release|Any CPU
		{8C6082FF-F411-4101-85C3-CDA16FB2F978}.Release|Any CPU.Build.0 = Release|Any CPU
		{678C2B2E-B247-40C2-96B2-F2C9972B68F8}.Debug|Any CPU.ActiveCfg = Debug|Any CPU
		{678C2B2E-B247-40C2-96B2-F2C9972B68F8}.Debug|Any CPU.Build.0 = Debug|Any CPU
		{678C2B2E-B247-40C2-96B2-F2C9972B68F8}.Release|Any CPU.ActiveCfg = Release|Any CPU
		{678C2B2E-B247-40C2-96B2-F2C9972B68F8}.Release|Any CPU.Build.0 = Release|Any CPU
	EndGlobalSection
	GlobalSection(SolutionProperties) = preSolution
		HideSolutionNode = FALSE
	EndGlobalSection
	GlobalSection(ExtensibilityGlobals) = postSolution
		SolutionGuid = {23771796-8E75-4009-AF71-7D5FE2DC7447}
	EndGlobalSection
EndGlobal
