
Microsoft Visual Studio Solution File, Format Version 12.00
# Visual Studio Version 16
VisualStudioVersion = 16.0.30204.135
MinimumVisualStudioVersion = 10.0.40219.1
Project("{FAE04EC0-301F-11D3-BF4B-00C04F79EFBC}") = "Exercicio01", "Exercicio01\Exercicio01.csproj", "{A8383C9C-AE87-4F04-A1F4-F6F7B07C5E10}"
EndProject
Project("{FAE04EC0-301F-11D3-BF4B-00C04F79EFBC}") = "Exercicio02", "Exercicio02\Exercicio02.csproj", "{6603ACA6-26FC-4D3F-80F1-159035812A9E}"
EndProject
Project("{FAE04EC0-301F-11D3-BF4B-00C04F79EFBC}") = "Exercicio03", "Exercicio03\Exercicio03.csproj", "{DA374F60-7499-4620-AAA9-D059BAFFFB7C}"
EndProject
Global
	GlobalSection(SolutionConfigurationPlatforms) = preSolution
		Debug|Any CPU = Debug|Any CPU
		Release|Any CPU = Release|Any CPU
	EndGlobalSection
	GlobalSection(ProjectConfigurationPlatforms) = postSolution
		{A8383C9C-AE87-4F04-A1F4-F6F7B07C5E10}.Debug|Any CPU.ActiveCfg = Debug|Any CPU
		{A8383C9C-AE87-4F04-A1F4-F6F7B07C5E10}.Debug|Any CPU.Build.0 = Debug|Any CPU
		{A8383C9C-AE87-4F04-A1F4-F6F7B07C5E10}.Release|Any CPU.ActiveCfg = Release|Any CPU
		{A8383C9C-AE87-4F04-A1F4-F6F7B07C5E10}.Release|Any CPU.Build.0 = Release|Any CPU
		{6603ACA6-26FC-4D3F-80F1-159035812A9E}.Debug|Any CPU.ActiveCfg = Debug|Any CPU
		{6603ACA6-26FC-4D3F-80F1-159035812A9E}.Debug|Any CPU.Build.0 = Debug|Any CPU
		{6603ACA6-26FC-4D3F-80F1-159035812A9E}.Release|Any CPU.ActiveCfg = Release|Any CPU
		{6603ACA6-26FC-4D3F-80F1-159035812A9E}.Release|Any CPU.Build.0 = Release|Any CPU
		{DA374F60-7499-4620-AAA9-D059BAFFFB7C}.Debug|Any CPU.ActiveCfg = Debug|Any CPU
		{DA374F60-7499-4620-AAA9-D059BAFFFB7C}.Debug|Any CPU.Build.0 = Debug|Any CPU
		{DA374F60-7499-4620-AAA9-D059BAFFFB7C}.Release|Any CPU.ActiveCfg = Release|Any CPU
		{DA374F60-7499-4620-AAA9-D059BAFFFB7C}.Release|Any CPU.Build.0 = Release|Any CPU
	EndGlobalSection
	GlobalSection(SolutionProperties) = preSolution
		HideSolutionNode = FALSE
	EndGlobalSection
	GlobalSection(ExtensibilityGlobals) = postSolution
		SolutionGuid = {B7FDF8C4-15FD-423A-BC54-98531207ED86}
	EndGlobalSection
EndGlobal
