
Microsoft Visual Studio Solution File, Format Version 12.00
# Visual Studio Version 16
VisualStudioVersion = 16.0.30320.27
MinimumVisualStudioVersion = 10.0.40219.1
Project("{FAE04EC0-301F-11D3-BF4B-00C04F79EFBC}") = "Exercicio01", "Exercicio01\Exercicio01.csproj", "{E36B6458-5655-4945-A844-3C58F0C3927C}"
EndProject
Project("{FAE04EC0-301F-11D3-BF4B-00C04F79EFBC}") = "Exercicio02", "Exercicio02\Exercicio02.csproj", "{9BD3FD46-39BB-4DA0-82A6-2016CE465225}"
EndProject
Project("{FAE04EC0-301F-11D3-BF4B-00C04F79EFBC}") = "Exercicio03", "Exercicio03\Exercicio03.csproj", "{7FDB1EDC-CBF6-41B2-9F32-CA2A2EEEE778}"
EndProject
Project("{FAE04EC0-301F-11D3-BF4B-00C04F79EFBC}") = "Exercicio04", "Exercicio04\Exercicio04.csproj", "{022084EC-8F2A-4772-AD15-3863E028F7E4}"
EndProject
Project("{FAE04EC0-301F-11D3-BF4B-00C04F79EFBC}") = "Exercicio05a", "Exercicio05a\Exercicio05a.csproj", "{A11317EF-A936-477E-9339-B0880CC5099C}"
EndProject
Global
	GlobalSection(SolutionConfigurationPlatforms) = preSolution
		Debug|Any CPU = Debug|Any CPU
		Release|Any CPU = Release|Any CPU
	EndGlobalSection
	GlobalSection(ProjectConfigurationPlatforms) = postSolution
		{E36B6458-5655-4945-A844-3C58F0C3927C}.Debug|Any CPU.ActiveCfg = Debug|Any CPU
		{E36B6458-5655-4945-A844-3C58F0C3927C}.Debug|Any CPU.Build.0 = Debug|Any CPU
		{E36B6458-5655-4945-A844-3C58F0C3927C}.Release|Any CPU.ActiveCfg = Release|Any CPU
		{E36B6458-5655-4945-A844-3C58F0C3927C}.Release|Any CPU.Build.0 = Release|Any CPU
		{9BD3FD46-39BB-4DA0-82A6-2016CE465225}.Debug|Any CPU.ActiveCfg = Debug|Any CPU
		{9BD3FD46-39BB-4DA0-82A6-2016CE465225}.Debug|Any CPU.Build.0 = Debug|Any CPU
		{9BD3FD46-39BB-4DA0-82A6-2016CE465225}.Release|Any CPU.ActiveCfg = Release|Any CPU
		{9BD3FD46-39BB-4DA0-82A6-2016CE465225}.Release|Any CPU.Build.0 = Release|Any CPU
		{7FDB1EDC-CBF6-41B2-9F32-CA2A2EEEE778}.Debug|Any CPU.ActiveCfg = Debug|Any CPU
		{7FDB1EDC-CBF6-41B2-9F32-CA2A2EEEE778}.Debug|Any CPU.Build.0 = Debug|Any CPU
		{7FDB1EDC-CBF6-41B2-9F32-CA2A2EEEE778}.Release|Any CPU.ActiveCfg = Release|Any CPU
		{7FDB1EDC-CBF6-41B2-9F32-CA2A2EEEE778}.Release|Any CPU.Build.0 = Release|Any CPU
		{022084EC-8F2A-4772-AD15-3863E028F7E4}.Debug|Any CPU.ActiveCfg = Debug|Any CPU
		{022084EC-8F2A-4772-AD15-3863E028F7E4}.Debug|Any CPU.Build.0 = Debug|Any CPU
		{022084EC-8F2A-4772-AD15-3863E028F7E4}.Release|Any CPU.ActiveCfg = Release|Any CPU
		{022084EC-8F2A-4772-AD15-3863E028F7E4}.Release|Any CPU.Build.0 = Release|Any CPU
		{A11317EF-A936-477E-9339-B0880CC5099C}.Debug|Any CPU.ActiveCfg = Debug|Any CPU
		{A11317EF-A936-477E-9339-B0880CC5099C}.Debug|Any CPU.Build.0 = Debug|Any CPU
		{A11317EF-A936-477E-9339-B0880CC5099C}.Release|Any CPU.ActiveCfg = Release|Any CPU
		{A11317EF-A936-477E-9339-B0880CC5099C}.Release|Any CPU.Build.0 = Release|Any CPU
	EndGlobalSection
	GlobalSection(SolutionProperties) = preSolution
		HideSolutionNode = FALSE
	EndGlobalSection
	GlobalSection(ExtensibilityGlobals) = postSolution
		SolutionGuid = {048AA609-2729-4662-AE8E-8F46F422F19C}
	EndGlobalSection
EndGlobal
