
Microsoft Visual Studio Solution File, Format Version 12.00
# Visual Studio Version 16
VisualStudioVersion = 16.0.30204.135
MinimumVisualStudioVersion = 10.0.40219.1
Project("{FAE04EC0-301F-11D3-BF4B-00C04F79EFBC}") = "Exercicio11_Lista2", "Exercicio11_Lista2.csproj", "{D041F67F-8849-45CC-A49E-828D66A7F81F}"
EndProject
Global
	GlobalSection(SolutionConfigurationPlatforms) = preSolution
		Debug|Any CPU = Debug|Any CPU
		Release|Any CPU = Release|Any CPU
	EndGlobalSection
	GlobalSection(ProjectConfigurationPlatforms) = postSolution
		{D041F67F-8849-45CC-A49E-828D66A7F81F}.Debug|Any CPU.ActiveCfg = Debug|Any CPU
		{D041F67F-8849-45CC-A49E-828D66A7F81F}.Debug|Any CPU.Build.0 = Debug|Any CPU
		{D041F67F-8849-45CC-A49E-828D66A7F81F}.Release|Any CPU.ActiveCfg = Release|Any CPU
		{D041F67F-8849-45CC-A49E-828D66A7F81F}.Release|Any CPU.Build.0 = Release|Any CPU
	EndGlobalSection
	GlobalSection(SolutionProperties) = preSolution
		HideSolutionNode = FALSE
	EndGlobalSection
	GlobalSection(ExtensibilityGlobals) = postSolution
		SolutionGuid = {6751E0E6-B71F-4A00-B611-A352060DFEC6}
	EndGlobalSection
EndGlobal
