
Microsoft Visual Studio Solution File, Format Version 12.00
# Visual Studio Version 16
VisualStudioVersion = 16.0.30204.135
MinimumVisualStudioVersion = 10.0.40219.1
Project("{FAE04EC0-301F-11D3-BF4B-00C04F79EFBC}") = "Exercicio 01", "Exercicio 01\Exercicio 01.csproj", "{2638A0E8-BACE-4003-94F0-41DD7A2C5BDA}"
EndProject
Project("{FAE04EC0-301F-11D3-BF4B-00C04F79EFBC}") = "Exercicio02", "Exercicio02\Exercicio02.csproj", "{5E4DB11E-B5FD-4E15-9C1F-BDE78A2000B1}"
EndProject
Project("{FAE04EC0-301F-11D3-BF4B-00C04F79EFBC}") = "Exercicio05", "Exercicio05\Exercicio05.csproj", "{27C89A33-056B-4EB6-B572-AE8B752B9D75}"
EndProject
Global
	GlobalSection(SolutionConfigurationPlatforms) = preSolution
		Debug|Any CPU = Debug|Any CPU
		Release|Any CPU = Release|Any CPU
	EndGlobalSection
	GlobalSection(ProjectConfigurationPlatforms) = postSolution
		{2638A0E8-BACE-4003-94F0-41DD7A2C5BDA}.Debug|Any CPU.ActiveCfg = Debug|Any CPU
		{2638A0E8-BACE-4003-94F0-41DD7A2C5BDA}.Debug|Any CPU.Build.0 = Debug|Any CPU
		{2638A0E8-BACE-4003-94F0-41DD7A2C5BDA}.Release|Any CPU.ActiveCfg = Release|Any CPU
		{2638A0E8-BACE-4003-94F0-41DD7A2C5BDA}.Release|Any CPU.Build.0 = Release|Any CPU
		{5E4DB11E-B5FD-4E15-9C1F-BDE78A2000B1}.Debug|Any CPU.ActiveCfg = Debug|Any CPU
		{5E4DB11E-B5FD-4E15-9C1F-BDE78A2000B1}.Debug|Any CPU.Build.0 = Debug|Any CPU
		{5E4DB11E-B5FD-4E15-9C1F-BDE78A2000B1}.Release|Any CPU.ActiveCfg = Release|Any CPU
		{5E4DB11E-B5FD-4E15-9C1F-BDE78A2000B1}.Release|Any CPU.Build.0 = Release|Any CPU
		{27C89A33-056B-4EB6-B572-AE8B752B9D75}.Debug|Any CPU.ActiveCfg = Debug|Any CPU
		{27C89A33-056B-4EB6-B572-AE8B752B9D75}.Debug|Any CPU.Build.0 = Debug|Any CPU
		{27C89A33-056B-4EB6-B572-AE8B752B9D75}.Release|Any CPU.ActiveCfg = Release|Any CPU
		{27C89A33-056B-4EB6-B572-AE8B752B9D75}.Release|Any CPU.Build.0 = Release|Any CPU
	EndGlobalSection
	GlobalSection(SolutionProperties) = preSolution
		HideSolutionNode = FALSE
	EndGlobalSection
	GlobalSection(ExtensibilityGlobals) = postSolution
		SolutionGuid = {47A48E12-D1A8-4555-ABD2-2B0B482D40C2}
	EndGlobalSection
EndGlobal
