
Microsoft Visual Studio Solution File, Format Version 12.00
# Visual Studio Version 16
VisualStudioVersion = 16.0.30204.135
MinimumVisualStudioVersion = 10.0.40219.1
Project("{FAE04EC0-301F-11D3-BF4B-00C04F79EFBC}") = "Exercício10_Lista2", "Exercício10_Lista2.csproj", "{36A40160-7DA5-4BCE-851B-B5CD3DA211BF}"
EndProject
Global
	GlobalSection(SolutionConfigurationPlatforms) = preSolution
		Debug|Any CPU = Debug|Any CPU
		Release|Any CPU = Release|Any CPU
	EndGlobalSection
	GlobalSection(ProjectConfigurationPlatforms) = postSolution
		{36A40160-7DA5-4BCE-851B-B5CD3DA211BF}.Debug|Any CPU.ActiveCfg = Debug|Any CPU
		{36A40160-7DA5-4BCE-851B-B5CD3DA211BF}.Debug|Any CPU.Build.0 = Debug|Any CPU
		{36A40160-7DA5-4BCE-851B-B5CD3DA211BF}.Release|Any CPU.ActiveCfg = Release|Any CPU
		{36A40160-7DA5-4BCE-851B-B5CD3DA211BF}.Release|Any CPU.Build.0 = Release|Any CPU
	EndGlobalSection
	GlobalSection(SolutionProperties) = preSolution
		HideSolutionNode = FALSE
	EndGlobalSection
	GlobalSection(ExtensibilityGlobals) = postSolution
		SolutionGuid = {54E46BB5-D258-4178-8E98-95CD1277EE5F}
	EndGlobalSection
EndGlobal
