
Microsoft Visual Studio Solution File, Format Version 12.00
# Visual Studio Version 16
VisualStudioVersion = 16.0.30204.135
MinimumVisualStudioVersion = 10.0.40219.1
Project("{FAE04EC0-301F-11D3-BF4B-00C04F79EFBC}") = "Exercício04_Lista6", "Exercício04_Lista6.csproj", "{ABC28650-CB8D-4086-86F0-4E471640B6D4}"
EndProject
Global
	GlobalSection(SolutionConfigurationPlatforms) = preSolution
		Debug|Any CPU = Debug|Any CPU
		Release|Any CPU = Release|Any CPU
	EndGlobalSection
	GlobalSection(ProjectConfigurationPlatforms) = postSolution
		{ABC28650-CB8D-4086-86F0-4E471640B6D4}.Debug|Any CPU.ActiveCfg = Debug|Any CPU
		{ABC28650-CB8D-4086-86F0-4E471640B6D4}.Debug|Any CPU.Build.0 = Debug|Any CPU
		{ABC28650-CB8D-4086-86F0-4E471640B6D4}.Release|Any CPU.ActiveCfg = Release|Any CPU
		{ABC28650-CB8D-4086-86F0-4E471640B6D4}.Release|Any CPU.Build.0 = Release|Any CPU
	EndGlobalSection
	GlobalSection(SolutionProperties) = preSolution
		HideSolutionNode = FALSE
	EndGlobalSection
	GlobalSection(ExtensibilityGlobals) = postSolution
		SolutionGuid = {E312ACD5-DBA4-46C8-B521-6AE22020EA37}
	EndGlobalSection
EndGlobal
